# This file is autogenerated, do not edit; changes may be undone by the next 'dep ensure'.


[[projects]]
  branch = "master"
  name = "code.cloudfoundry.org/clock"
  packages = [".","fakeclock"]
  revision = "2269160ae1757f96bbb8c6475e6fa36c805e73e0"

[[projects]]
  branch = "master"
  name = "code.cloudfoundry.org/workpool"
  packages = ["."]
  revision = "0e2024d2a925068519f6ba470d11f8b735ecd4f4"

[[projects]]
  branch = "master"
  name = "github.com/StackExchange/wmi"
  packages = ["."]
  revision = "ea383cf3ba6ec950874b8486cd72356d007c768f"

[[projects]]
  branch = "master"
  name = "github.com/beorn7/perks"
  packages = ["quantile"]
  revision = "4c0e84591b9aa9e6dcfdf3e020114cd81f89d5f9"

[[projects]]
  name = "github.com/bmatcuk/doublestar"
  packages = ["."]
  revision = "b3608229437ba4dc33dae64d56a79a2a73f1f6b2"
  version = "v1.0.9"

[[projects]]
  branch = "master"
  name = "github.com/charlievieth/fs"
  packages = ["."]
  revision = "7dc373669fa10ddf827c37c595dee30a2f001be9"

[[projects]]
  branch = "master"
  name = "github.com/cloudfoundry/bosh-utils"
  packages = ["errors","httpclient","logger","logger/fakes","logger/loggerfakes","retrystrategy","system","system/fakes","uuid"]
  revision = "8ce5b43e556417540d3d22ded90eabf591222416"

[[projects]]
  branch = "bosh-develop"
  name = "github.com/coredns/coredns"
  packages = ["core/dnsserver","middleware","middleware/cache","middleware/cache/freq","middleware/etcd/msg","middleware/metrics/vars","middleware/pkg/cache","middleware/pkg/dnsutil","middleware/pkg/edns","middleware/pkg/rcode","middleware/pkg/response","middleware/pkg/trace","pb","request"]
  revision = "0fd0ca16aa72691378dc84946890c9f56fcbbe81"
  source = "github.com/bosh-dep-forks/coredns"

[[projects]]
  branch = "master"
  name = "github.com/flynn/go-shlex"
  packages = ["."]
  revision = "3f9db97f856818214da2e1057f8ad84803971cff"

[[projects]]
  branch = "master"
  name = "github.com/go-ole/go-ole"
  packages = [".","oleutil"]
  revision = "2ecd927eaf828c4fc088fae349b28eed1480ff56"

[[projects]]
  branch = "master"
  name = "github.com/golang/protobuf"
  packages = ["proto","ptypes","ptypes/any","ptypes/duration","ptypes/timestamp"]
  revision = "6a1fa9404c0aebf36c879bc50152edcc953910d2"

[[projects]]
  branch = "master"
  name = "github.com/grpc-ecosystem/grpc-opentracing"
  packages = ["go/otgrpc"]
  revision = "6c130eed1e297e1aa4d415a50c90d0c81c52677e"

[[projects]]
  name = "github.com/matttproud/golang_protobuf_extensions"
  packages = ["pbutil"]
  revision = "3247c84500bff8d9fb6d579d800f20b3e091582c"
  version = "v1.0.0"

[[projects]]
  name = "github.com/mholt/caddy"
  packages = [".","caddyfile"]
  revision = "bc56793d3b919b17080deaa427bb5f70a826f4d6"
  version = "v0.10.9"

[[projects]]
  branch = "master"
  name = "github.com/miekg/dns"
  packages = ["."]
  revision = "e46719b2fef404d2e531c0dd9055b1c95ff01e2e"

[[projects]]
  branch = "master"
  name = "github.com/nu7hatch/gouuid"
  packages = ["."]
  revision = "179d4d0c4d8d407a32af483c2354df1d2c91e6c3"

[[projects]]
  branch = "master"
  name = "github.com/onsi/ginkgo"
  packages = [".","config","extensions/table","ginkgo","ginkgo/convert","ginkgo/interrupthandler","ginkgo/nodot","ginkgo/testrunner","ginkgo/testsuite","ginkgo/watch","internal/codelocation","internal/containernode","internal/failer","internal/leafnodes","internal/remote","internal/spec","internal/spec_iterator","internal/specrunner","internal/suite","internal/testingtproxy","internal/writer","reporters","reporters/stenographer","reporters/stenographer/support/go-colorable","reporters/stenographer/support/go-isatty","types"]
  revision = "11459a886d9cd66b319dac7ef1e917ee221372c9"

[[projects]]
  branch = "master"
  name = "github.com/onsi/gomega"
  packages = [".","format","gbytes","gexec","ghttp","internal/assertion","internal/asyncassertion","internal/oraclematcher","internal/testingtsupport","matchers","matchers/support/goraph/bipartitegraph","matchers/support/goraph/edge","matchers/support/goraph/node","matchers/support/goraph/util","types"]
  revision = "dcabb60a477c2b6f456df65037cb6708210fbb02"

[[projects]]
  name = "github.com/opentracing/opentracing-go"
  packages = [".","ext","log"]
  revision = "1949ddbfd147afd4d964a9f00b24eb291e0e7c38"
  version = "v1.0.2"

[[projects]]
  branch = "master"
  name = "github.com/pivotal-cf/paraphernalia"
  packages = ["secure/tlsconfig"]
  revision = "19228380402d05fb5d36f64b6b2327eab2cf650c"

[[projects]]
  name = "github.com/prometheus/client_golang"
  packages = ["prometheus"]
  revision = "c5b7fccd204277076155f10851dad72b76a49317"
  version = "v0.8.0"

[[projects]]
  branch = "master"
  name = "github.com/prometheus/client_model"
  packages = ["go"]
  revision = "6f3806018612930941127f2a7c6c453ba2c527d2"

[[projects]]
  branch = "master"
  name = "github.com/prometheus/common"
  packages = ["expfmt","internal/bitbucket.org/ww/goautoneg","model"]
  revision = "2f17f4a9d485bf34b4bfaccc273805040e4f86c8"

[[projects]]
  branch = "master"
  name = "github.com/prometheus/procfs"
  packages = [".","xfs"]
  revision = "e645f4e5aaa8506fc71d6edbc5c4ff02c04c46f2"

[[projects]]
  branch = "master"
  name = "github.com/rcrowley/go-metrics"
  packages = ["."]
  revision = "1f30fe9094a513ce4c700b9a54458bbb0c96996c"

[[projects]]
  name = "github.com/shirou/gopsutil"
  packages = ["cpu","host","internal/common","mem","net","process"]
  revision = "6e221c482653ef05c9f6a7bf71ddceea0e40bac5"
  version = "v2.17.09"

[[projects]]
  branch = "master"
  name = "github.com/shirou/w32"
  packages = ["."]
  revision = "bb4de0191aa41b5507caa14b0650cdbddcd9280b"

[[projects]]
  branch = "master"
  name = "golang.org/x/net"
  packages = ["context","html","html/atom","html/charset","http2","http2/hpack","idna","internal/timeseries","lex/httplex","proxy","trace"]
  revision = "054b33e6527139ad5b1ec2f6232c3b175bd9a30c"

[[projects]]
  branch = "master"
  name = "golang.org/x/sys"
  packages = ["unix","windows"]
  revision = "6faef541c73732f438fb660a212750a9ba9f9362"

[[projects]]
  branch = "master"
  name = "golang.org/x/text"
  packages = ["encoding","encoding/charmap","encoding/htmlindex","encoding/internal","encoding/internal/identifier","encoding/japanese","encoding/korean","encoding/simplifiedchinese","encoding/traditionalchinese","encoding/unicode","internal/gen","internal/tag","internal/triegen","internal/ucd","internal/utf8internal","language","runes","secure/bidirule","transform","unicode/bidi","unicode/cldr","unicode/norm","unicode/rangetable"]
  revision = "836efe42bb4aa16aaa17b9c155d8813d336ed720"

[[projects]]
  branch = "master"
  name = "google.golang.org/genproto"
  packages = ["googleapis/rpc/status"]
  revision = "595979c8a7bf586b2d293fb42246bf91a0b893d9"

[[projects]]
  name = "google.golang.org/grpc"
  packages = [".","codes","connectivity","credentials","grpclb/grpc_lb_v1/messages","grpclog","internal","keepalive","metadata","naming","peer","stats","status","tap","transport"]
  revision = "f92cdcd7dcdc69e81b2d7b338479a19a8723cfa3"
  version = "v1.6.0"

[[projects]]
  branch = "v2"
  name = "gopkg.in/yaml.v2"
  packages = ["."]
  revision = "cd8b52f8269e0feb286dfeef29f8fe4d5b397e0b"

[solve-meta]
  analyzer-name = "dep"
  analyzer-version = 1
  inputs-digest = "bb658af8dac60814671404788de877c207d8470543ed177afb503ddae749326b"
  solver-name = "gps-cdcl"
  solver-version = 1
